
Microsoft Visual Studio Solution File, Format Version 12.00
# Visual Studio Version 17
VisualStudioVersion = 17.8.34309.116
MinimumVisualStudioVersion = 10.0.40219.1
Project("{FAE04EC0-301F-11D3-BF4B-00C04F79EFBC}") = "Shopping.Web", "Shopping.Web\Shopping.Web.csproj", "{60FBD3F3-CB4B-4984-92A3-435C22754D08}"
EndProject
Global
	GlobalSection(SolutionConfigurationPlatforms) = preSolution
		Debug|Any CPU = Debug|Any CPU
		Release|Any CPU = Release|Any CPU
	EndGlobalSection
	GlobalSection(ProjectConfigurationPlatforms) = postSolution
		{60FBD3F3-CB4B-4984-92A3-435C22754D08}.Debug|Any CPU.ActiveCfg = Debug|Any CPU
		{60FBD3F3-CB4B-4984-92A3-435C22754D08}.Debug|Any CPU.Build.0 = Debug|Any CPU
		{60FBD3F3-CB4B-4984-92A3-435C22754D08}.Release|Any CPU.ActiveCfg = Release|Any CPU
		{60FBD3F3-CB4B-4984-92A3-435C22754D08}.Release|Any CPU.Build.0 = Release|Any CPU
	EndGlobalSection
	GlobalSection(SolutionProperties) = preSolution
		HideSolutionNode = FALSE
	EndGlobalSection
	GlobalSection(ExtensibilityGlobals) = postSolution
		SolutionGuid = {C4BCD1E8-65CC-4F6C-838A-1CDE5E7CD757}
	EndGlobalSection
EndGlobal
